
Microsoft Visual Studio Solution File, Format Version 12.00
# Visual Studio 15
VisualStudioVersion = 15.0.28307.168
MinimumVisualStudioVersion = 10.0.40219.1
Project("{FAE04EC0-301F-11D3-BF4B-00C04F79EFBC}") = "primeraprueba", "primeraprueba\primeraprueba.csproj", "{A9FC2EB4-497A-4F4E-9121-16FC3106A67C}"
EndProject
Global
	GlobalSection(SolutionConfigurationPlatforms) = preSolution
		Debug|Any CPU = Debug|Any CPU
		Release|Any CPU = Release|Any CPU
	EndGlobalSection
	GlobalSection(ProjectConfigurationPlatforms) = postSolution
		{A9FC2EB4-497A-4F4E-9121-16FC3106A67C}.Debug|Any CPU.ActiveCfg = Debug|Any CPU
		{A9FC2EB4-497A-4F4E-9121-16FC3106A67C}.Debug|Any CPU.Build.0 = Debug|Any CPU
		{A9FC2EB4-497A-4F4E-9121-16FC3106A67C}.Release|Any CPU.ActiveCfg = Release|Any CPU
		{A9FC2EB4-497A-4F4E-9121-16FC3106A67C}.Release|Any CPU.Build.0 = Release|Any CPU
	EndGlobalSection
	GlobalSection(SolutionProperties) = preSolution
		HideSolutionNode = FALSE
	EndGlobalSection
	GlobalSection(ExtensibilityGlobals) = postSolution
		SolutionGuid = {8E47A748-894D-4561-BD7E-9FC4EF1500F1}
	EndGlobalSection
EndGlobal
